
Microsoft Visual Studio Solution File, Format Version 12.00
# Visual Studio Version 16
VisualStudioVersion = 16.0.32228.343
MinimumVisualStudioVersion = 10.0.40219.1
Project("{8BC9CEB8-8B4A-11D0-8D11-00A0C91BC942}") = "Chapter1", "Chapter1\Chapter1.vcxproj", "{F659E102-8A30-48E7-A93D-02263CAB7D14}"
EndProject
Project("{8BC9CEB8-8B4A-11D0-8D11-00A0C91BC942}") = "Chapter2", "Chapter2\Chapter2.vcxproj", "{B94CB996-0425-4ED8-AC3D-4401581E3CFF}"
EndProject
Project("{8BC9CEB8-8B4A-11D0-8D11-00A0C91BC942}") = "Chapter3", "Chapter3\Chapter3.vcxproj", "{8FE147F8-7F8F-48FB-817F-CD5BFDE5F04A}"
EndProject
Project("{8BC9CEB8-8B4A-11D0-8D11-00A0C91BC942}") = "Chapter4", "Chapter4\Chapter4.vcxproj", "{A5A6D697-2FFC-4DFA-B786-C3C878092CE9}"
EndProject
Project("{8BC9CEB8-8B4A-11D0-8D11-00A0C91BC942}") = "Chapter4.2", "Chapter4.2\Chapter4.2.vcxproj", "{8F9DE07C-FE57-4D03-9302-AE08C57EBFAE}"
EndProject
Project("{8BC9CEB8-8B4A-11D0-8D11-00A0C91BC942}") = "Chapter5", "Chapter5\Chapter5.vcxproj", "{D890FE1D-E30C-4A9D-A770-79375E3521A4}"
EndProject
Project("{8BC9CEB8-8B4A-11D0-8D11-00A0C91BC942}") = "Chapter6", "Chapter6\Chapter6.vcxproj", "{BC508D87-495F-4554-932D-DD68388B63CC}"
EndProject
Project("{8BC9CEB8-8B4A-11D0-8D11-00A0C91BC942}") = "Chapter7", "Chapter7\Chapter7.vcxproj", "{2F5580DB-5DCA-4BFB-86F3-298CDE0989FB}"
EndProject
Global
	GlobalSection(SolutionConfigurationPlatforms) = preSolution
		Debug|x64 = Debug|x64
		Debug|x86 = Debug|x86
		Release|x64 = Release|x64
		Release|x86 = Release|x86
	EndGlobalSection
	GlobalSection(ProjectConfigurationPlatforms) = postSolution
		{F659E102-8A30-48E7-A93D-02263CAB7D14}.Debug|x64.ActiveCfg = Debug|x64
		{F659E102-8A30-48E7-A93D-02263CAB7D14}.Debug|x64.Build.0 = Debug|x64
		{F659E102-8A30-48E7-A93D-02263CAB7D14}.Debug|x86.ActiveCfg = Debug|Win32
		{F659E102-8A30-48E7-A93D-02263CAB7D14}.Debug|x86.Build.0 = Debug|Win32
		{F659E102-8A30-48E7-A93D-02263CAB7D14}.Release|x64.ActiveCfg = Release|x64
		{F659E102-8A30-48E7-A93D-02263CAB7D14}.Release|x64.Build.0 = Release|x64
		{F659E102-8A30-48E7-A93D-02263CAB7D14}.Release|x86.ActiveCfg = Release|Win32
		{F659E102-8A30-48E7-A93D-02263CAB7D14}.Release|x86.Build.0 = Release|Win32
		{B94CB996-0425-4ED8-AC3D-4401581E3CFF}.Debug|x64.ActiveCfg = Debug|x64
		{B94CB996-0425-4ED8-AC3D-4401581E3CFF}.Debug|x64.Build.0 = Debug|x64
		{B94CB996-0425-4ED8-AC3D-4401581E3CFF}.Debug|x86.ActiveCfg = Debug|Win32
		{B94CB996-0425-4ED8-AC3D-4401581E3CFF}.Debug|x86.Build.0 = Debug|Win32
		{B94CB996-0425-4ED8-AC3D-4401581E3CFF}.Release|x64.ActiveCfg = Release|x64
		{B94CB996-0425-4ED8-AC3D-4401581E3CFF}.Release|x64.Build.0 = Release|x64
		{B94CB996-0425-4ED8-AC3D-4401581E3CFF}.Release|x86.ActiveCfg = Release|Win32
		{B94CB996-0425-4ED8-AC3D-4401581E3CFF}.Release|x86.Build.0 = Release|Win32
		{8FE147F8-7F8F-48FB-817F-CD5BFDE5F04A}.Debug|x64.ActiveCfg = Debug|x64
		{8FE147F8-7F8F-48FB-817F-CD5BFDE5F04A}.Debug|x64.Build.0 = Debug|x64
		{8FE147F8-7F8F-48FB-817F-CD5BFDE5F04A}.Debug|x86.ActiveCfg = Debug|Win32
		{8FE147F8-7F8F-48FB-817F-CD5BFDE5F04A}.Debug|x86.Build.0 = Debug|Win32
		{8FE147F8-7F8F-48FB-817F-CD5BFDE5F04A}.Release|x64.ActiveCfg = Release|x64
		{8FE147F8-7F8F-48FB-817F-CD5BFDE5F04A}.Release|x64.Build.0 = Release|x64
		{8FE147F8-7F8F-48FB-817F-CD5BFDE5F04A}.Release|x86.ActiveCfg = Release|Win32
		{8FE147F8-7F8F-48FB-817F-CD5BFDE5F04A}.Release|x86.Build.0 = Release|Win32
		{A5A6D697-2FFC-4DFA-B786-C3C878092CE9}.Debug|x64.ActiveCfg = Debug|x64
		{A5A6D697-2FFC-4DFA-B786-C3C878092CE9}.Debug|x64.Build.0 = Debug|x64
		{A5A6D697-2FFC-4DFA-B786-C3C878092CE9}.Debug|x86.ActiveCfg = Debug|Win32
		{A5A6D697-2FFC-4DFA-B786-C3C878092CE9}.Debug|x86.Build.0 = Debug|Win32
		{A5A6D697-2FFC-4DFA-B786-C3C878092CE9}.Release|x64.ActiveCfg = Release|x64
		{A5A6D697-2FFC-4DFA-B786-C3C878092CE9}.Release|x64.Build.0 = Release|x64
		{A5A6D697-2FFC-4DFA-B786-C3C878092CE9}.Release|x86.ActiveCfg = Release|Win32
		{A5A6D697-2FFC-4DFA-B786-C3C878092CE9}.Release|x86.Build.0 = Release|Win32
		{8F9DE07C-FE57-4D03-9302-AE08C57EBFAE}.Debug|x64.ActiveCfg = Debug|x64
		{8F9DE07C-FE57-4D03-9302-AE08C57EBFAE}.Debug|x64.Build.0 = Debug|x64
		{8F9DE07C-FE57-4D03-9302-AE08C57EBFAE}.Debug|x86.ActiveCfg = Debug|Win32
		{8F9DE07C-FE57-4D03-9302-AE08C57EBFAE}.Debug|x86.Build.0 = Debug|Win32
		{8F9DE07C-FE57-4D03-9302-AE08C57EBFAE}.Release|x64.ActiveCfg = Release|x64
		{8F9DE07C-FE57-4D03-9302-AE08C57EBFAE}.Release|x64.Build.0 = Release|x64
		{8F9DE07C-FE57-4D03-9302-AE08C57EBFAE}.Release|x86.ActiveCfg = Release|Win32
		{8F9DE07C-FE57-4D03-9302-AE08C57EBFAE}.Release|x86.Build.0 = Release|Win32
		{D890FE1D-E30C-4A9D-A770-79375E3521A4}.Debug|x64.ActiveCfg = Debug|x64
		{D890FE1D-E30C-4A9D-A770-79375E3521A4}.Debug|x64.Build.0 = Debug|x64
		{D890FE1D-E30C-4A9D-A770-79375E3521A4}.Debug|x86.ActiveCfg = Debug|Win32
		{D890FE1D-E30C-4A9D-A770-79375E3521A4}.Debug|x86.Build.0 = Debug|Win32
		{D890FE1D-E30C-4A9D-A770-79375E3521A4}.Release|x64.ActiveCfg = Release|x64
		{D890FE1D-E30C-4A9D-A770-79375E3521A4}.Release|x64.Build.0 = Release|x64
		{D890FE1D-E30C-4A9D-A770-79375E3521A4}.Release|x86.ActiveCfg = Release|Win32
		{D890FE1D-E30C-4A9D-A770-79375E3521A4}.Release|x86.Build.0 = Release|Win32
		{BC508D87-495F-4554-932D-DD68388B63CC}.Debug|x64.ActiveCfg = Debug|Win32
		{BC508D87-495F-4554-932D-DD68388B63CC}.Debug|x64.Build.0 = Debug|Win32
		{BC508D87-495F-4554-932D-DD68388B63CC}.Debug|x86.ActiveCfg = Debug|Win32
		{BC508D87-495F-4554-932D-DD68388B63CC}.Debug|x86.Build.0 = Debug|Win32
		{BC508D87-495F-4554-932D-DD68388B63CC}.Release|x64.ActiveCfg = Release|Win32
		{BC508D87-495F-4554-932D-DD68388B63CC}.Release|x64.Build.0 = Release|Win32
		{BC508D87-495F-4554-932D-DD68388B63CC}.Release|x86.ActiveCfg = Release|Win32
		{BC508D87-495F-4554-932D-DD68388B63CC}.Release|x86.Build.0 = Release|Win32
		{2F5580DB-5DCA-4BFB-86F3-298CDE0989FB}.Debug|x64.ActiveCfg = Debug|Win32
		{2F5580DB-5DCA-4BFB-86F3-298CDE0989FB}.Debug|x86.ActiveCfg = Debug|Win32
		{2F5580DB-5DCA-4BFB-86F3-298CDE0989FB}.Debug|x86.Build.0 = Debug|Win32
		{2F5580DB-5DCA-4BFB-86F3-298CDE0989FB}.Release|x64.ActiveCfg = Release|Win32
		{2F5580DB-5DCA-4BFB-86F3-298CDE0989FB}.Release|x86.ActiveCfg = Release|Win32
		{2F5580DB-5DCA-4BFB-86F3-298CDE0989FB}.Release|x86.Build.0 = Release|Win32
	EndGlobalSection
	GlobalSection(SolutionProperties) = preSolution
		HideSolutionNode = FALSE
	EndGlobalSection
	GlobalSection(ExtensibilityGlobals) = postSolution
		SolutionGuid = {87E52B62-A3F1-49C0-A7A1-74A3AB57747C}
	EndGlobalSection
EndGlobal
